// !$*UTF8*$!
{
	archiveVersion = 1;
	classes = {
	};
	objectVersion = 77;
	objects = {

/* Begin PBXContainerItemProxy section */
		7D93EA842E32D12F0054E7C1 /* PBXContainerItemProxy */ = {
			isa = PBXContainerItemProxy;
			containerPortal = 7D93EA652E32D12D0054E7C1 /* Project object */;
			proxyType = 1;
			remoteGlobalIDString = 7D93EA6C2E32D12D0054E7C1;
			remoteInfo = MarketApp;
		};
		7D93EA8E2E32D12F0054E7C1 /* PBXContainerItemProxy */ = {
			isa = PBXContainerItemProxy;
			containerPortal = 7D93EA652E32D12D0054E7C1 /* Project object */;
			proxyType = 1;
			remoteGlobalIDString = 7D93EA6C2E32D12D0054E7C1;
			remoteInfo = MarketApp;
		};
/* End PBXContainerItemProxy section */

/* Begin PBXFileReference section */
		7D93EA6D2E32D12D0054E7C1 /* MarketApp.app */ = {isa = PBXFileReference; explicitFileType = wrapper.application; includeInIndex = 0; path = MarketApp.app; sourceTree = BUILT_PRODUCTS_DIR; };
		7D93EA832E32D12F0054E7C1 /* MarketAppTests.xctest */ = {isa = PBXFileReference; explicitFileType = wrapper.cfbundle; includeInIndex = 0; path = MarketAppTests.xctest; sourceTree = BUILT_PRODUCTS_DIR; };
		7D93EA8D2E32D12F0054E7C1 /* MarketAppUITests.xctest */ = {isa = PBXFileReference; explicitFileType = wrapper.cfbundle; includeInIndex = 0; path = MarketAppUITests.xctest; sourceTree = BUILT_PRODUCTS_DIR; };
/* End PBXFileReference section */

/* Begin PBXFileSystemSynchronizedBuildFileExceptionSet section */
		7D93EA952E32D12F0054E7C1 /* Exceptions for "MarketApp" folder in "MarketApp" target */ = {
			isa = PBXFileSystemSynchronizedBuildFileExceptionSet;
			membershipExceptions = (
				Info.plist,
			);
			target = 7D93EA6C2E32D12D0054E7C1 /* MarketApp */;
		};
/* End PBXFileSystemSynchronizedBuildFileExceptionSet section */

/* Begin PBXFileSystemSynchronizedRootGroup section */
		7D93EA6F2E32D12D0054E7C1 /* MarketApp */ = {
			isa = PBXFileSystemSynchronizedRootGroup;
			exceptions = (
				7D93EA952E32D12F0054E7C1 /* Exceptions for "MarketApp" folder in "MarketApp" target */,
			);
			path = MarketApp;
			sourceTree = "<group>";
		};
		7D93EA862E32D12F0054E7C1 /* MarketAppTests */ = {
			isa = PBXFileSystemSynchronizedRootGroup;
			path = MarketAppTests;
			sourceTree = "<group>";
		};
		7D93EA902E32D12F0054E7C1 /* MarketAppUITests */ = {
			isa = PBXFileSystemSynchronizedRootGroup;
			path = MarketAppUITests;
			sourceTree = "<group>";
		};
/* End PBXFileSystemSynchronizedRootGroup section */

/* Begin PBXFrameworksBuildPhase section */
		7D93EA6A2E32D12D0054E7C1 /* Frameworks */ = {
			isa = PBXFrameworksBuildPhase;
			buildActionMask = 2147483647;
			files = (
			);
			runOnlyForDeploymentPostprocessing = 0;
		};
		7D93EA802E32D12F0054E7C1 /* Frameworks */ = {
			isa = PBXFrameworksBuildPhase;
			buildActionMask = 2147483647;
			files = (
			);
			runOnlyForDeploymentPostprocessing = 0;
		};
		7D93EA8A2E32D12F0054E7C1 /* Frameworks */ = {
			isa = PBXFrameworksBuildPhase;
			buildActionMask = 2147483647;
			files = (
			);
			runOnlyForDeploymentPostprocessing = 0;
		};
/* End PBXFrameworksBuildPhase section */

/* Begin PBXGroup section */
		7D93EA642E32D12D0054E7C1 = {
			isa = PBXGroup;
			children = (
				7D93EA6F2E32D12D0054E7C1 /* MarketApp */,
				7D93EA862E32D12F0054E7C1 /* MarketAppTests */,
				7D93EA902E32D12F0054E7C1 /* MarketAppUITests */,
				7D93EA6E2E32D12D0054E7C1 /* Products */,
			);
			sourceTree = "<group>";
		};
		7D93EA6E2E32D12D0054E7C1 /* Products */ = {
			isa = PBXGroup;
			children = (
				7D93EA6D2E32D12D0054E7C1 /* MarketApp.app */,
				7D93EA832E32D12F0054E7C1 /* MarketAppTests.xctest */,
				7D93EA8D2E32D12F0054E7C1 /* MarketAppUITests.xctest */,
			);
			name = Products;
			sourceTree = "<group>";
		};
/* End PBXGroup section */

/* Begin PBXNativeTarget section */
		7D93EA6C2E32D12D0054E7C1 /* MarketApp */ = {
			isa = PBXNativeTarget;
			buildConfigurationList = 7D93EA962E32D12F0054E7C1 /* Build configuration list for PBXNativeTarget "MarketApp" */;
			buildPhases = (
				7D93EA692E32D12D0054E7C1 /* Sources */,
				7D93EA6A2E32D12D0054E7C1 /* Frameworks */,
				7D93EA6B2E32D12D0054E7C1 /* Resources */,
			);
			buildRules = (
			);
			dependencies = (
			);
			fileSystemSynchronizedGroups = (
				7D93EA6F2E32D12D0054E7C1 /* MarketApp */,
			);
			name = MarketApp;
			packageProductDependencies = (
			);
			productName = MarketApp;
			productReference = 7D93EA6D2E32D12D0054E7C1 /* MarketApp.app */;
			productType = "com.apple.product-type.application";
		};
		7D93EA822E32D12F0054E7C1 /* MarketAppTests */ = {
			isa = PBXNativeTarget;
			buildConfigurationList = 7D93EA9B2E32D12F0054E7C1 /* Build configuration list for PBXNativeTarget "MarketAppTests" */;
			buildPhases = (
				7D93EA7F2E32D12F0054E7C1 /* Sources */,
				7D93EA802E32D12F0054E7C1 /* Frameworks */,
				7D93EA812E32D12F0054E7C1 /* Resources */,
			);
			buildRules = (
			);
			dependencies = (
				7D93EA852E32D12F0054E7C1 /* PBXTargetDependency */,
			);
			fileSystemSynchronizedGroups = (
				7D93EA862E32D12F0054E7C1 /* MarketAppTests */,
			);
			name = MarketAppTests;
			packageProductDependencies = (
			);
			productName = MarketAppTests;
			productReference = 7D93EA832E32D12F0054E7C1 /* MarketAppTests.xctest */;
			productType = "com.apple.product-type.bundle.unit-test";
		};
		7D93EA8C2E32D12F0054E7C1 /* MarketAppUITests */ = {
			isa = PBXNativeTarget;
			buildConfigurationList = 7D93EA9E2E32D12F0054E7C1 /* Build configuration list for PBXNativeTarget "MarketAppUITests" */;
			buildPhases = (
				7D93EA892E32D12F0054E7C1 /* Sources */,
				7D93EA8A2E32D12F0054E7C1 /* Frameworks */,
				7D93EA8B2E32D12F0054E7C1 /* Resources */,
			);
			buildRules = (
			);
			dependencies = (
				7D93EA8F2E32D12F0054E7C1 /* PBXTargetDependency */,
			);
			fileSystemSynchronizedGroups = (
				7D93EA902E32D12F0054E7C1 /* MarketAppUITests */,
			);
			name = MarketAppUITests;
			packageProductDependencies = (
			);
			productName = MarketAppUITests;
			productReference = 7D93EA8D2E32D12F0054E7C1 /* MarketAppUITests.xctest */;
			productType = "com.apple.product-type.bundle.ui-testing";
		};
/* End PBXNativeTarget section */

/* Begin PBXProject section */
		7D93EA652E32D12D0054E7C1 /* Project object */ = {
			isa = PBXProject;
			attributes = {
				BuildIndependentTargetsInParallel = 1;
				LastSwiftUpdateCheck = 1610;
				LastUpgradeCheck = 1610;
				TargetAttributes = {
					7D93EA6C2E32D12D0054E7C1 = {
						CreatedOnToolsVersion = 16.1;
					};
					7D93EA822E32D12F0054E7C1 = {
						CreatedOnToolsVersion = 16.1;
						TestTargetID = 7D93EA6C2E32D12D0054E7C1;
					};
					7D93EA8C2E32D12F0054E7C1 = {
						CreatedOnToolsVersion = 16.1;
						TestTargetID = 7D93EA6C2E32D12D0054E7C1;
					};
				};
			};
			buildConfigurationList = 7D93EA682E32D12D0054E7C1 /* Build configuration list for PBXProject "MarketApp" */;
			developmentRegion = en;
			hasScannedForEncodings = 0;
			knownRegions = (
				en,
				Base,
			);
			mainGroup = 7D93EA642E32D12D0054E7C1;
			minimizedProjectReferenceProxies = 1;
			packageReferences = (
			);
			preferredProjectObjectVersion = 77;
			productRefGroup = 7D93EA6E2E32D12D0054E7C1 /* Products */;
			projectDirPath = "";
			projectRoot = "";
			targets = (
				7D93EA6C2E32D12D0054E7C1 /* MarketApp */,
				7D93EA822E32D12F0054E7C1 /* MarketAppTests */,
				7D93EA8C2E32D12F0054E7C1 /* MarketAppUITests */,
			);
		};
/* End PBXProject section */

/* Begin PBXResourcesBuildPhase section */
		7D93EA6B2E32D12D0054E7C1 /* Resources */ = {
			isa = PBXResourcesBuildPhase;
			buildActionMask = 2147483647;
			files = (
			);
			runOnlyForDeploymentPostprocessing = 0;
		};
		7D93EA812E32D12F0054E7C1 /* Resources */ = {
			isa = PBXResourcesBuildPhase;
			buildActionMask = 2147483647;
			files = (
			);
			runOnlyForDeploymentPostprocessing = 0;
		};
		7D93EA8B2E32D12F0054E7C1 /* Resources */ = {
			isa = PBXResourcesBuildPhase;
			buildActionMask = 2147483647;
			files = (
			);
			runOnlyForDeploymentPostprocessing = 0;
		};
/* End PBXResourcesBuildPhase section */

/* Begin PBXSourcesBuildPhase section */
		7D93EA692E32D12D0054E7C1 /* Sources */ = {
			isa = PBXSourcesBuildPhase;
			buildActionMask = 2147483647;
			files = (
			);
			runOnlyForDeploymentPostprocessing = 0;
		};
		7D93EA7F2E32D12F0054E7C1 /* Sources */ = {
			isa = PBXSourcesBuildPhase;
			buildActionMask = 2147483647;
			files = (
			);
			runOnlyForDeploymentPostprocessing = 0;
		};
		7D93EA892E32D12F0054E7C1 /* Sources */ = {
			isa = PBXSourcesBuildPhase;
			buildActionMask = 2147483647;
			files = (
			);
			runOnlyForDeploymentPostprocessing = 0;
		};
/* End PBXSourcesBuildPhase section */

/* Begin PBXTargetDependency section */
		7D93EA852E32D12F0054E7C1 /* PBXTargetDependency */ = {
			isa = PBXTargetDependency;
			target = 7D93EA6C2E32D12D0054E7C1 /* MarketApp */;
			targetProxy = 7D93EA842E32D12F0054E7C1 /* PBXContainerItemProxy */;
		};
		7D93EA8F2E32D12F0054E7C1 /* PBXTargetDependency */ = {
			isa = PBXTargetDependency;
			target = 7D93EA6C2E32D12D0054E7C1 /* MarketApp */;
			targetProxy = 7D93EA8E2E32D12F0054E7C1 /* PBXContainerItemProxy */;
		};
/* End PBXTargetDependency section */

/* Begin XCBuildConfiguration section */
		7D93EA972E32D12F0054E7C1 /* Debug */ = {
			isa = XCBuildConfiguration;
			buildSettings = {
				ASSETCATALOG_COMPILER_APPICON_NAME = AppIcon;
				ASSETCATALOG_COMPILER_GLOBAL_ACCENT_COLOR_NAME = AccentColor;
				CODE_SIGN_STYLE = Automatic;
				CURRENT_PROJECT_VERSION = 1;
				GENERATE_INFOPLIST_FILE = YES;
				INFOPLIST_FILE = MarketApp/Info.plist;
				INFOPLIST_KEY_CFBundleDisplayName = "E-Market";
				INFOPLIST_KEY_LSApplicationCategoryType = "public.app-category.shopping";
				INFOPLIST_KEY_UIApplicationSupportsIndirectInputEvents = YES;
				INFOPLIST_KEY_UILaunchStoryboardName = LaunchScreen;
				INFOPLIST_KEY_UIMainStoryboardFile = Main;
				INFOPLIST_KEY_UISupportedInterfaceOrientations_iPad = "UIInterfaceOrientationPortrait UIInterfaceOrientationPortraitUpsideDown UIInterfaceOrientationLandscapeLeft UIInterfaceOrientationLandscapeRight";
				INFOPLIST_KEY_UISupportedInterfaceOrientations_iPhone = "UIInterfaceOrientationPortrait UIInterfaceOrientationLandscapeLeft UIInterfaceOrientationLandscapeRight";
				IPHONEOS_DEPLOYMENT_TARGET = 15.6;
				LD_RUNPATH_SEARCH_PATHS = (
					"$(inherited)",
					"@executable_path/Frameworks",
				);
				MARKETING_VERSION = 1.0;
				PRODUCT_BUNDLE_IDENTIFIER = com.onuryilmaz.MarketApp;
				PRODUCT_NAME = "$(TARGET_NAME)";
				SWIFT_EMIT_LOC_STRINGS = YES;
				SWIFT_VERSION = 5.0;
				TARGETED_DEVICE_FAMILY = "1,2";
			};
			name = Debug;
		};
		7D93EA982E32D12F0054E7C1 /* Release */ = {
			isa = XCBuildConfiguration;
			buildSettings = {
				ASSETCATALOG_COMPILER_APPICON_NAME = AppIcon;
				ASSETCATALOG_COMPILER_GLOBAL_ACCENT_COLOR_NAME = AccentColor;
				CODE_SIGN_STYLE = Automatic;
				CURRENT_PROJECT_VERSION = 1;
				GENERATE_INFOPLIST_FILE = YES;
				INFOPLIST_FILE = MarketApp/Info.plist;
				INFOPLIST_KEY_CFBundleDisplayName = "E-Market";
				INFOPLIST_KEY_LSApplicationCategoryType = "public.app-category.shopping";
				INFOPLIST_KEY_UIApplicationSupportsIndirectInputEvents = YES;
				INFOPLIST_KEY_UILaunchStoryboardName = LaunchScreen;
				INFOPLIST_KEY_UIMainStoryboardFile = Main;
				INFOPLIST_KEY_UISupportedInterfaceOrientations_iPad = "UIInterfaceOrientationPortrait UIInterfaceOrientationPortraitUpsideDown UIInterfaceOrientationLandscapeLeft UIInterfaceOrientationLandscapeRight";
				INFOPLIST_KEY_UISupportedInterfaceOrientations_iPhone = "UIInterfaceOrientationPortrait UIInterfaceOrientationLandscapeLeft UIInterfaceOrientationLandscapeRight";
				IPHONEOS_DEPLOYMENT_TARGET = 15.6;
				LD_RUNPATH_SEARCH_PATHS = (
					"$(inherited)",
					"@executable_path/Frameworks",
				);
				MARKETING_VERSION = 1.0;
				PRODUCT_BUNDLE_IDENTIFIER = com.onuryilmaz.MarketApp;
				PRODUCT_NAME = "$(TARGET_NAME)";
				SWIFT_EMIT_LOC_STRINGS = YES;
				SWIFT_VERSION = 5.0;
				TARGETED_DEVICE_FAMILY = "1,2";
			};
			name = Release;
		};
		7D93EA992E32D12F0054E7C1 /* Debug */ = {
			isa = XCBuildConfiguration;
			buildSettings = {
				ALWAYS_SEARCH_USER_PATHS = NO;
				ASSETCATALOG_COMPILER_GENERATE_SWIFT_ASSET_SYMBOL_EXTENSIONS = YES;
				CLANG_ANALYZER_NONNULL = YES;
				CLANG_ANALYZER_NUMBER_OBJECT_CONVERSION = YES_AGGRESSIVE;
				CLANG_CXX_LANGUAGE_STANDARD = "gnu++20";
				CLANG_ENABLE_MODULES = YES;
				CLANG_ENABLE_OBJC_ARC = YES;
				CLANG_ENABLE_OBJC_WEAK = YES;
				CLANG_WARN_BLOCK_CAPTURE_AUTORELEASING = YES;
				CLANG_WARN_BOOL_CONVERSION = YES;
				CLANG_WARN_COMMA = YES;
				CLANG_WARN_CONSTANT_CONVERSION = YES;
				CLANG_WARN_DEPRECATED_OBJC_IMPLEMENTATIONS = YES;
				CLANG_WARN_DIRECT_OBJC_ISA_USAGE = YES_ERROR;
				CLANG_WARN_DOCUMENTATION_COMMENTS = YES;
				CLANG_WARN_EMPTY_BODY = YES;
				CLANG_WARN_ENUM_CONVERSION = YES;
				CLANG_WARN_INFINITE_RECURSION = YES;
				CLANG_WARN_INT_CONVERSION = YES;
				CLANG_WARN_NON_LITERAL_NULL_CONVERSION = YES;
				CLANG_WARN_OBJC_IMPLICIT_RETAIN_SELF = YES;
				CLANG_WARN_OBJC_LITERAL_CONVERSION = YES;
				CLANG_WARN_OBJC_ROOT_CLASS = YES_ERROR;
				CLANG_WARN_QUOTED_INCLUDE_IN_FRAMEWORK_HEADER = YES;
				CLANG_WARN_RANGE_LOOP_ANALYSIS = YES;
				CLANG_WARN_STRICT_PROTOTYPES = YES;
				CLANG_WARN_SUSPICIOUS_MOVE = YES;
				CLANG_WARN_UNGUARDED_AVAILABILITY = YES_AGGRESSIVE;
				CLANG_WARN_UNREACHABLE_CODE = YES;
				CLANG_WARN__DUPLICATE_METHOD_MATCH = YES;
				COPY_PHASE_STRIP = NO;
				DEBUG_INFORMATION_FORMAT = dwarf;
				ENABLE_STRICT_OBJC_MSGSEND = YES;
				ENABLE_TESTABILITY = YES;
				ENABLE_USER_SCRIPT_SANDBOXING = YES;
				GCC_C_LANGUAGE_STANDARD = gnu17;
				GCC_DYNAMIC_NO_PIC = NO;
				GCC_NO_COMMON_BLOCKS = YES;
				GCC_OPTIMIZATION_LEVEL = 0;
				GCC_PREPROCESSOR_DEFINITIONS = (
					"DEBUG=1",
					"$(inherited)",
				);
				GCC_WARN_64_TO_32_BIT_CONVERSION = YES;
				GCC_WARN_ABOUT_RETURN_TYPE = YES_ERROR;
				GCC_WARN_UNDECLARED_SELECTOR = YES;
				GCC_WARN_UNINITIALIZED_AUTOS = YES_AGGRESSIVE;
				GCC_WARN_UNUSED_FUNCTION = YES;
				GCC_WARN_UNUSED_VARIABLE = YES;
				IPHONEOS_DEPLOYMENT_TARGET = 18.1;
				LOCALIZATION_PREFERS_STRING_CATALOGS = YES;
				MTL_ENABLE_DEBUG_INFO = INCLUDE_SOURCE;
				MTL_FAST_MATH = YES;
				ONLY_ACTIVE_ARCH = YES;
				SDKROOT = iphoneos;
				SWIFT_ACTIVE_COMPILATION_CONDITIONS = "DEBUG $(inherited)";
				SWIFT_OPTIMIZATION_LEVEL = "-Onone";
			};
			name = Debug;
		};
		7D93EA9A2E32D12F0054E7C1 /* Release */ = {
			isa = XCBuildConfiguration;
			buildSettings = {
				ALWAYS_SEARCH_USER_PATHS = NO;
				ASSETCATALOG_COMPILER_GENERATE_SWIFT_ASSET_SYMBOL_EXTENSIONS = YES;
				CLANG_ANALYZER_NONNULL = YES;
				CLANG_ANALYZER_NUMBER_OBJECT_CONVERSION = YES_AGGRESSIVE;
				CLANG_CXX_LANGUAGE_STANDARD = "gnu++20";
				CLANG_ENABLE_MODULES = YES;
				CLANG_ENABLE_OBJC_ARC = YES;
				CLANG_ENABLE_OBJC_WEAK = YES;
				CLANG_WARN_BLOCK_CAPTURE_AUTORELEASING = YES;
				CLANG_WARN_BOOL_CONVERSION = YES;
				CLANG_WARN_COMMA = YES;
				CLANG_WARN_CONSTANT_CONVERSION = YES;
				CLANG_WARN_DEPRECATED_OBJC_IMPLEMENTATIONS = YES;
				CLANG_WARN_DIRECT_OBJC_ISA_USAGE = YES_ERROR;
				CLANG_WARN_DOCUMENTATION_COMMENTS = YES;
				CLANG_WARN_EMPTY_BODY = YES;
				CLANG_WARN_ENUM_CONVERSION = YES;
				CLANG_WARN_INFINITE_RECURSION = YES;
				CLANG_WARN_INT_CONVERSION = YES;
				CLANG_WARN_NON_LITERAL_NULL_CONVERSION = YES;
				CLANG_WARN_OBJC_IMPLICIT_RETAIN_SELF = YES;
				CLANG_WARN_OBJC_LITERAL_CONVERSION = YES;
				CLANG_WARN_OBJC_ROOT_CLASS = YES_ERROR;
				CLANG_WARN_QUOTED_INCLUDE_IN_FRAMEWORK_HEADER = YES;
				CLANG_WARN_RANGE_LOOP_ANALYSIS = YES;
				CLANG_WARN_STRICT_PROTOTYPES = YES;
				CLANG_WARN_SUSPICIOUS_MOVE = YES;
				CLANG_WARN_UNGUARDED_AVAILABILITY = YES_AGGRESSIVE;
				CLANG_WARN_UNREACHABLE_CODE = YES;
				CLANG_WARN__DUPLICATE_METHOD_MATCH = YES;
				COPY_PHASE_STRIP = NO;
				DEBUG_INFORMATION_FORMAT = "dwarf-with-dsym";
				ENABLE_NS_ASSERTIONS = NO;
				ENABLE_STRICT_OBJC_MSGSEND = YES;
				ENABLE_USER_SCRIPT_SANDBOXING = YES;
				GCC_C_LANGUAGE_STANDARD = gnu17;
				GCC_NO_COMMON_BLOCKS = YES;
				GCC_WARN_64_TO_32_BIT_CONVERSION = YES;
				GCC_WARN_ABOUT_RETURN_TYPE = YES_ERROR;
				GCC_WARN_UNDECLARED_SELECTOR = YES;
				GCC_WARN_UNINITIALIZED_AUTOS = YES_AGGRESSIVE;
				GCC_WARN_UNUSED_FUNCTION = YES;
				GCC_WARN_UNUSED_VARIABLE = YES;
				IPHONEOS_DEPLOYMENT_TARGET = 18.1;
				LOCALIZATION_PREFERS_STRING_CATALOGS = YES;
				MTL_ENABLE_DEBUG_INFO = NO;
				MTL_FAST_MATH = YES;
				SDKROOT = iphoneos;
				SWIFT_COMPILATION_MODE = wholemodule;
				VALIDATE_PRODUCT = YES;
			};
			name = Release;
		};
		7D93EA9C2E32D12F0054E7C1 /* Debug */ = {
			isa = XCBuildConfiguration;
			buildSettings = {
				BUNDLE_LOADER = "$(TEST_HOST)";
				CODE_SIGN_STYLE = Automatic;
				CURRENT_PROJECT_VERSION = 1;
				GENERATE_INFOPLIST_FILE = YES;
				IPHONEOS_DEPLOYMENT_TARGET = 18.1;
				MARKETING_VERSION = 1.0;
				PRODUCT_BUNDLE_IDENTIFIER = com.onuryilmaz.MarketAppTests;
				PRODUCT_NAME = "$(TARGET_NAME)";
				SWIFT_EMIT_LOC_STRINGS = NO;
				SWIFT_VERSION = 5.0;
				TARGETED_DEVICE_FAMILY = "1,2";
				TEST_HOST = "$(BUILT_PRODUCTS_DIR)/MarketApp.app/$(BUNDLE_EXECUTABLE_FOLDER_PATH)/MarketApp";
			};
			name = Debug;
		};
		7D93EA9D2E32D12F0054E7C1 /* Release */ = {
			isa = XCBuildConfiguration;
			buildSettings = {
				BUNDLE_LOADER = "$(TEST_HOST)";
				CODE_SIGN_STYLE = Automatic;
				CURRENT_PROJECT_VERSION = 1;
				GENERATE_INFOPLIST_FILE = YES;
				IPHONEOS_DEPLOYMENT_TARGET = 18.1;
				MARKETING_VERSION = 1.0;
				PRODUCT_BUNDLE_IDENTIFIER = com.onuryilmaz.MarketAppTests;
				PRODUCT_NAME = "$(TARGET_NAME)";
				SWIFT_EMIT_LOC_STRINGS = NO;
				SWIFT_VERSION = 5.0;
				TARGETED_DEVICE_FAMILY = "1,2";
				TEST_HOST = "$(BUILT_PRODUCTS_DIR)/MarketApp.app/$(BUNDLE_EXECUTABLE_FOLDER_PATH)/MarketApp";
			};
			name = Release;
		};
		7D93EA9F2E32D12F0054E7C1 /* Debug */ = {
			isa = XCBuildConfiguration;
			buildSettings = {
				CODE_SIGN_STYLE = Automatic;
				CURRENT_PROJECT_VERSION = 1;
				GENERATE_INFOPLIST_FILE = YES;
				MARKETING_VERSION = 1.0;
				PRODUCT_BUNDLE_IDENTIFIER = com.onuryilmaz.MarketAppUITests;
				PRODUCT_NAME = "$(TARGET_NAME)";
				SWIFT_EMIT_LOC_STRINGS = NO;
				SWIFT_VERSION = 5.0;
				TARGETED_DEVICE_FAMILY = "1,2";
				TEST_TARGET_NAME = MarketApp;
			};
			name = Debug;
		};
		7D93EAA02E32D12F0054E7C1 /* Release */ = {
			isa = XCBuildConfiguration;
			buildSettings = {
				CODE_SIGN_STYLE = Automatic;
				CURRENT_PROJECT_VERSION = 1;
				GENERATE_INFOPLIST_FILE = YES;
				MARKETING_VERSION = 1.0;
				PRODUCT_BUNDLE_IDENTIFIER = com.onuryilmaz.MarketAppUITests;
				PRODUCT_NAME = "$(TARGET_NAME)";
				SWIFT_EMIT_LOC_STRINGS = NO;
				SWIFT_VERSION = 5.0;
				TARGETED_DEVICE_FAMILY = "1,2";
				TEST_TARGET_NAME = MarketApp;
			};
			name = Release;
		};
/* End XCBuildConfiguration section */

/* Begin XCConfigurationList section */
		7D93EA682E32D12D0054E7C1 /* Build configuration list for PBXProject "MarketApp" */ = {
			isa = XCConfigurationList;
			buildConfigurations = (
				7D93EA992E32D12F0054E7C1 /* Debug */,
				7D93EA9A2E32D12F0054E7C1 /* Release */,
			);
			defaultConfigurationIsVisible = 0;
			defaultConfigurationName = Release;
		};
		7D93EA962E32D12F0054E7C1 /* Build configuration list for PBXNativeTarget "MarketApp" */ = {
			isa = XCConfigurationList;
			buildConfigurations = (
				7D93EA972E32D12F0054E7C1 /* Debug */,
				7D93EA982E32D12F0054E7C1 /* Release */,
			);
			defaultConfigurationIsVisible = 0;
			defaultConfigurationName = Release;
		};
		7D93EA9B2E32D12F0054E7C1 /* Build configuration list for PBXNativeTarget "MarketAppTests" */ = {
			isa = XCConfigurationList;
			buildConfigurations = (
				7D93EA9C2E32D12F0054E7C1 /* Debug */,
				7D93EA9D2E32D12F0054E7C1 /* Release */,
			);
			defaultConfigurationIsVisible = 0;
			defaultConfigurationName = Release;
		};
		7D93EA9E2E32D12F0054E7C1 /* Build configuration list for PBXNativeTarget "MarketAppUITests" */ = {
			isa = XCConfigurationList;
			buildConfigurations = (
				7D93EA9F2E32D12F0054E7C1 /* Debug */,
				7D93EAA02E32D12F0054E7C1 /* Release */,
			);
			defaultConfigurationIsVisible = 0;
			defaultConfigurationName = Release;
		};
/* End XCConfigurationList section */
	};
	rootObject = 7D93EA652E32D12D0054E7C1 /* Project object */;
}
